// !$*UTF8*$!
{
	archiveVersion = 1;
	classes = {
	};
	objectVersion = 48;
	objects = {

/* Begin PBXBuildFile section */
		471AF04620EE3CCB003B760A /* AppDelegate.swift in Sources */ = {isa = PBXBuildFile; fileRef = 471AF04520EE3CCB003B760A /* AppDelegate.swift */; };
		471AF04820EE3CCB003B760A /* ViewController.swift in Sources */ = {isa = PBXBuildFile; fileRef = 471AF04720EE3CCB003B760A /* ViewController.swift */; };
		471AF04B20EE3CCB003B760A /* Main.storyboard in Resources */ = {isa = PBXBuildFile; fileRef = 471AF04920EE3CCB003B760A /* Main.storyboard */; };
		471AF04D20EE3CCB003B760A /* Assets.xcassets in Resources */ = {isa = PBXBuildFile; fileRef = 471AF04C20EE3CCB003B760A /* Assets.xcassets */; };
		471AF05020EE3CCB003B760A /* LaunchScreen.storyboard in Resources */ = {isa = PBXBuildFile; fileRef = 471AF04E20EE3CCB003B760A /* LaunchScreen.storyboard */; };
/* End PBXBuildFile section */

/* Begin PBXFileReference section */
		471AF04220EE3CCB003B760A /* GitBasicCommands.app */ = {isa = PBXFileReference; explicitFileType = wrapper.application; includeInIndex = 0; path = GitBasicCommands.app; sourceTree = BUILT_PRODUCTS_DIR; };
		471AF04520EE3CCB003B760A /* AppDelegate.swift */ = {isa = PBXFileReference; lastKnownFileType = sourcecode.swift; path = AppDelegate.swift; sourceTree = "<group>"; };
		471AF04720EE3CCB003B760A /* ViewController.swift */ = {isa = PBXFileReference; lastKnownFileType = sourcecode.swift; path = ViewController.swift; sourceTree = "<group>"; };
		471AF04A20EE3CCB003B760A /* Base */ = {isa = PBXFileReference; lastKnownFileType = file.storyboard; name = Base; path = Base.lproj/Main.storyboard; sourceTree = "<group>"; };
		471AF04C20EE3CCB003B760A /* Assets.xcassets */ = {isa = PBXFileReference; lastKnownFileType = folder.assetcatalog; path = Assets.xcassets; sourceTree = "<group>"; };
		471AF04F20EE3CCB003B760A /* Base */ = {isa = PBXFileReference; lastKnownFileType = file.storyboard; name = Base; path = Base.lproj/LaunchScreen.storyboard; sourceTree = "<group>"; };
		471AF05120EE3CCB003B760A /* Info.plist */ = {isa = PBXFileReference; lastKnownFileType = text.plist.xml; path = Info.plist; sourceTree = "<group>"; };
/* End PBXFileReference section */

/* Begin PBXFrameworksBuildPhase section */
		471AF03F20EE3CCB003B760A /* Frameworks */ = {
			isa = PBXFrameworksBuildPhase;
			buildActionMask = 2147483647;
			files = (
			);
			runOnlyForDeploymentPostprocessing = 0;
		};
/* End PBXFrameworksBuildPhase section */

/* Begin PBXGroup section */
		471AF03920EE3CCB003B760A = {
			isa = PBXGroup;
			children = (
				471AF04420EE3CCB003B760A /* GitBasicCommands */,
				471AF04320EE3CCB003B760A /* Products */,
			);
			sourceTree = "<group>";
		};
		471AF04320EE3CCB003B760A /* Products */ = {
			isa = PBXGroup;
			children = (
				471AF04220EE3CCB003B760A /* GitBasicCommands.app */,
			);
			name = Products;
			sourceTree = "<group>";
		};
		471AF04420EE3CCB003B760A /* GitBasicCommands */ = {
			isa = PBXGroup;
			children = (
				471AF04520EE3CCB003B760A /* AppDelegate.swift */,
				471AF04720EE3CCB003B760A /* ViewController.swift */,
				471AF04920EE3CCB003B760A /* Main.storyboard */,
				471AF04C20EE3CCB003B760A /* Assets.xcassets */,
				471AF04E20EE3CCB003B760A /* LaunchScreen.storyboard */,
				471AF05120EE3CCB003B760A /* Info.plist */,
			);
			path = GitBasicCommands;
			sourceTree = "<group>";
		};
/* End PBXGroup section */

/* Begin PBXNativeTarget section */
		471AF04120EE3CCB003B760A /* GitBasicCommands */ = {
			isa = PBXNativeTarget;
			buildConfigurationList = 471AF05420EE3CCB003B760A /* Build configuration list for PBXNativeTarget "GitBasicCommands" */;
			buildPhases = (
				471AF03E20EE3CCB003B760A /* Sources */,
				471AF03F20EE3CCB003B760A /* Frameworks */,
				471AF04020EE3CCB003B760A /* Resources */,
			);
			buildRules = (
			);
			dependencies = (
			);
			name = GitBasicCommands;
			productName = GitBasicCommands;
			productReference = 471AF04220EE3CCB003B760A /* GitBasicCommands.app */;
			productType = "com.apple.product-type.application";
		};
/* End PBXNativeTarget section */

/* Begin PBXProject section */
		471AF03A20EE3CCB003B760A /* Project object */ = {
			isa = PBXProject;
			attributes = {
				LastSwiftUpdateCheck = 0920;
				LastUpgradeCheck = 0920;
				ORGANIZATIONNAME = "Dipesh Wadekar";
				TargetAttributes = {
					471AF04120EE3CCB003B760A = {
						CreatedOnToolsVersion = 9.2;
						ProvisioningStyle = Automatic;
					};
				};
			};
			buildConfigurationList = 471AF03D20EE3CCB003B760A /* Build configuration list for PBXProject "GitBasicCommands" */;
			compatibilityVersion = "Xcode 8.0";
			developmentRegion = en;
			hasScannedForEncodings = 0;
			knownRegions = (
				en,
				Base,
			);
			mainGroup = 471AF03920EE3CCB003B760A;
			productRefGroup = 471AF04320EE3CCB003B760A /* Products */;
			projectDirPath = "";
			projectRoot = "";
			targets = (
				471AF04120EE3CCB003B760A /* GitBasicCommands */,
			);
		};
/* End PBXProject section */

/* Begin PBXResourcesBuildPhase section */
		471AF04020EE3CCB003B760A /* Resources */ = {
			isa = PBXResourcesBuildPhase;
			buildActionMask = 2147483647;
			files = (
				471AF05020EE3CCB003B760A /* LaunchScreen.storyboard in Resources */,
				471AF04D20EE3CCB003B760A /* Assets.xcassets in Resources */,
				471AF04B20EE3CCB003B760A /* Main.storyboard in Resources */,
			);
			runOnlyForDeploymentPostprocessing = 0;
		};
/* End PBXResourcesBuildPhase section */

/* Begin PBXSourcesBuildPhase section */
		471AF03E20EE3CCB003B760A /* Sources */ = {
			isa = PBXSourcesBuildPhase;
			buildActionMask = 2147483647;
			files = (
				471AF04820EE3CCB003B760A /* ViewController.swift in Sources */,
				471AF04620EE3CCB003B760A /* AppDelegate.swift in Sources */,
			);
			runOnlyForDeploymentPostprocessing = 0;
		};
/* End PBXSourcesBuildPhase section */

/* Begin PBXVariantGroup section */
		471AF04920EE3CCB003B760A /* Main.storyboard */ = {
			isa = PBXVariantGroup;
			children = (
				471AF04A20EE3CCB003B760A /* Base */,
			);
			name = Main.storyboard;
			sourceTree = "<group>";
		};
		471AF04E20EE3CCB003B760A /* LaunchScreen.storyboard */ = {
			isa = PBXVariantGroup;
			children = (
				471AF04F20EE3CCB003B760A /* Base */,
			);
			name = LaunchScreen.storyboard;
			sourceTree = "<group>";
		};
/* End PBXVariantGroup section */

/* Begin XCBuildConfiguration section */
		471AF05220EE3CCB003B760A /* Debug */ = {
			isa = XCBuildConfiguration;
			buildSettings = {
				ALWAYS_SEARCH_USER_PATHS = NO;
				CLANG_ANALYZER_NONNULL = YES;
				CLANG_ANALYZER_NUMBER_OBJECT_CONVERSION = YES_AGGRESSIVE;
				CLANG_CXX_LANGUAGE_STANDARD = "gnu++14";
				CLANG_CXX_LIBRARY = "libc++";
				CLANG_ENABLE_MODULES = YES;
				CLANG_ENABLE_OBJC_ARC = YES;
				CLANG_WARN_BLOCK_CAPTURE_AUTORELEASING = YES;
				CLANG_WARN_BOOL_CONVERSION = YES;
				CLANG_WARN_COMMA = YES;
				CLANG_WARN_CONSTANT_CONVERSION = YES;
				CLANG_WARN_DIRECT_OBJC_ISA_USAGE = YES_ERROR;
				CLANG_WARN_DOCUMENTATION_COMMENTS = YES;
				CLANG_WARN_EMPTY_BODY = YES;
				CLANG_WARN_ENUM_CONVERSION = YES;
				CLANG_WARN_INFINITE_RECURSION = YES;
				CLANG_WARN_INT_CONVERSION = YES;
				CLANG_WARN_NON_LITERAL_NULL_CONVERSION = YES;
				CLANG_WARN_OBJC_LITERAL_CONVERSION = YES;
				CLANG_WARN_OBJC_ROOT_CLASS = YES_ERROR;
				CLANG_WARN_RANGE_LOOP_ANALYSIS = YES;
				CLANG_WARN_STRICT_PROTOTYPES = YES;
				CLANG_WARN_SUSPICIOUS_MOVE = YES;
				CLANG_WARN_UNGUARDED_AVAILABILITY = YES_AGGRESSIVE;
				CLANG_WARN_UNREACHABLE_CODE = YES;
				CLANG_WARN__DUPLICATE_METHOD_MATCH = YES;
				CODE_SIGN_IDENTITY = "iPhone Developer";
				COPY_PHASE_STRIP = NO;
				DEBUG_INFORMATION_FORMAT = dwarf;
				ENABLE_STRICT_OBJC_MSGSEND = YES;
				ENABLE_TESTABILITY = YES;
				GCC_C_LANGUAGE_STANDARD = gnu11;
				GCC_DYNAMIC_NO_PIC = NO;
				GCC_NO_COMMON_BLOCKS = YES;
				GCC_OPTIMIZATION_LEVEL = 0;
				GCC_PREPROCESSOR_DEFINITIONS = (
					"DEBUG=1",
					"$(inherited)",
				);
				GCC_WARN_64_TO_32_BIT_CONVERSION = YES;
				GCC_WARN_ABOUT_RETURN_TYPE = YES_ERROR;
				GCC_WARN_UNDECLARED_SELECTOR = YES;
				GCC_WARN_UNINITIALIZED_AUTOS = YES_AGGRESSIVE;
				GCC_WARN_UNUSED_FUNCTION = YES;
				GCC_WARN_UNUSED_VARIABLE = YES;
				IPHONEOS_DEPLOYMENT_TARGET = 11.2;
				MTL_ENABLE_DEBUG_INFO = YES;
				ONLY_ACTIVE_ARCH = YES;
				SDKROOT = iphoneos;
				SWIFT_ACTIVE_COMPILATION_CONDITIONS = DEBUG;
				SWIFT_OPTIMIZATION_LEVEL = "-Onone";
			};
			name = Debug;
		};
		471AF05320EE3CCB003B760A /* Release */ = {
			isa = XCBuildConfiguration;
			buildSettings = {
				ALWAYS_SEARCH_USER_PATHS = NO;
				CLANG_ANALYZER_NONNULL = YES;
				CLANG_ANALYZER_NUMBER_OBJECT_CONVERSION = YES_AGGRESSIVE;
				CLANG_CXX_LANGUAGE_STANDARD = "gnu++14";
				CLANG_CXX_LIBRARY = "libc++";
				CLANG_ENABLE_MODULES = YES;
				CLANG_ENABLE_OBJC_ARC = YES;
				CLANG_WARN_BLOCK_CAPTURE_AUTORELEASING = YES;
				CLANG_WARN_BOOL_CONVERSION = YES;
				CLANG_WARN_COMMA = YES;
				CLANG_WARN_CONSTANT_CONVERSION = YES;
				CLANG_WARN_DIRECT_OBJC_ISA_USAGE = YES_ERROR;
				CLANG_WARN_DOCUMENTATION_COMMENTS = YES;
				CLANG_WARN_EMPTY_BODY = YES;
				CLANG_WARN_ENUM_CONVERSION = YES;
				CLANG_WARN_INFINITE_RECURSION = YES;
				CLANG_WARN_INT_CONVERSION = YES;
				CLANG_WARN_NON_LITERAL_NULL_CONVERSION = YES;
				CLANG_WARN_OBJC_LITERAL_CONVERSION = YES;
				CLANG_WARN_OBJC_ROOT_CLASS = YES_ERROR;
				CLANG_WARN_RANGE_LOOP_ANALYSIS = YES;
				CLANG_WARN_STRICT_PROTOTYPES = YES;
				CLANG_WARN_SUSPICIOUS_MOVE = YES;
				CLANG_WARN_UNGUARDED_AVAILABILITY = YES_AGGRESSIVE;
				CLANG_WARN_UNREACHABLE_CODE = YES;
				CLANG_WARN__DUPLICATE_METHOD_MATCH = YES;
				CODE_SIGN_IDENTITY = "iPhone Developer";
				COPY_PHASE_STRIP = NO;
				DEBUG_INFORMATION_FORMAT = "dwarf-with-dsym";
				ENABLE_NS_ASSERTIONS = NO;
				ENABLE_STRICT_OBJC_MSGSEND = YES;
				GCC_C_LANGUAGE_STANDARD = gnu11;
				GCC_NO_COMMON_BLOCKS = YES;
				GCC_WARN_64_TO_32_BIT_CONVERSION = YES;
				GCC_WARN_ABOUT_RETURN_TYPE = YES_ERROR;
				GCC_WARN_UNDECLARED_SELECTOR = YES;
				GCC_WARN_UNINITIALIZED_AUTOS = YES_AGGRESSIVE;
				GCC_WARN_UNUSED_FUNCTION = YES;
				GCC_WARN_UNUSED_VARIABLE = YES;
				IPHONEOS_DEPLOYMENT_TARGET = 11.2;
				MTL_ENABLE_DEBUG_INFO = NO;
				SDKROOT = iphoneos;
				SWIFT_OPTIMIZATION_LEVEL = "-Owholemodule";
				VALIDATE_PRODUCT = YES;
			};
			name = Release;
		};
		471AF05520EE3CCB003B760A /* Debug */ = {
			isa = XCBuildConfiguration;
			buildSettings = {
				ASSETCATALOG_COMPILER_APPICON_NAME = AppIcon;
				CODE_SIGN_STYLE = Automatic;
				DEVELOPMENT_TEAM = E628CAH7ZC;
				INFOPLIST_FILE = GitBasicCommands/Info.plist;
				LD_RUNPATH_SEARCH_PATHS = "$(inherited) @executable_path/Frameworks";
				PRODUCT_BUNDLE_IDENTIFIER = com.synapse.GitBasicCommands;
				PRODUCT_NAME = "$(TARGET_NAME)";
				SWIFT_VERSION = 4.0;
				TARGETED_DEVICE_FAMILY = "1,2";
			};
			name = Debug;
		};
		471AF05620EE3CCB003B760A /* Release */ = {
			isa = XCBuildConfiguration;
			buildSettings = {
				ASSETCATALOG_COMPILER_APPICON_NAME = AppIcon;
				CODE_SIGN_STYLE = Automatic;
				DEVELOPMENT_TEAM = E628CAH7ZC;
				INFOPLIST_FILE = GitBasicCommands/Info.plist;
				LD_RUNPATH_SEARCH_PATHS = "$(inherited) @executable_path/Frameworks";
				PRODUCT_BUNDLE_IDENTIFIER = com.synapse.GitBasicCommands;
				PRODUCT_NAME = "$(TARGET_NAME)";
				SWIFT_VERSION = 4.0;
				TARGETED_DEVICE_FAMILY = "1,2";
			};
			name = Release;
		};
/* End XCBuildConfiguration section */

/* Begin XCConfigurationList section */
		471AF03D20EE3CCB003B760A /* Build configuration list for PBXProject "GitBasicCommands" */ = {
			isa = XCConfigurationList;
			buildConfigurations = (
				471AF05220EE3CCB003B760A /* Debug */,
				471AF05320EE3CCB003B760A /* Release */,
			);
			defaultConfigurationIsVisible = 0;
			defaultConfigurationName = Release;
		};
		471AF05420EE3CCB003B760A /* Build configuration list for PBXNativeTarget "GitBasicCommands" */ = {
			isa = XCConfigurationList;
			buildConfigurations = (
				471AF05520EE3CCB003B760A /* Debug */,
				471AF05620EE3CCB003B760A /* Release */,
			);
			defaultConfigurationIsVisible = 0;
			defaultConfigurationName = Release;
		};
/* End XCConfigurationList section */
	};
	rootObject = 471AF03A20EE3CCB003B760A /* Project object */;
}
